
Microsoft Visual Studio Solution File, Format Version 12.00
# Visual Studio Version 17
VisualStudioVersion = 17.10.35013.160
MinimumVisualStudioVersion = 10.0.40219.1
Project("{FAE04EC0-301F-11D3-BF4B-00C04F79EFBC}") = "prakticode2", "prakticode2\prakticode2.csproj", "{C2C3FA2E-F66D-42DD-8A0D-22C72A652A57}"
EndProject
Global
	GlobalSection(SolutionConfigurationPlatforms) = preSolution
		Debug|Any CPU = Debug|Any CPU
		Release|Any CPU = Release|Any CPU
	EndGlobalSection
	GlobalSection(ProjectConfigurationPlatforms) = postSolution
		{C2C3FA2E-F66D-42DD-8A0D-22C72A652A57}.Debug|Any CPU.ActiveCfg = Debug|Any CPU
		{C2C3FA2E-F66D-42DD-8A0D-22C72A652A57}.Debug|Any CPU.Build.0 = Debug|Any CPU
		{C2C3FA2E-F66D-42DD-8A0D-22C72A652A57}.Release|Any CPU.ActiveCfg = Release|Any CPU
		{C2C3FA2E-F66D-42DD-8A0D-22C72A652A57}.Release|Any CPU.Build.0 = Release|Any CPU
	EndGlobalSection
	GlobalSection(SolutionProperties) = preSolution
		HideSolutionNode = FALSE
	EndGlobalSection
	GlobalSection(ExtensibilityGlobals) = postSolution
		SolutionGuid = {AD1762D2-22FD-4D30-A793-D61300456834}
	EndGlobalSection
EndGlobal
